
Microsoft Visual Studio Solution File, Format Version 11.00
# Visual Studio 2010
Project("{FAE04EC0-301F-11D3-BF4B-00C04F79EFBC}") = "MyUninstaller", "MyUninstaller\MyUninstaller.csproj", "{C977EB28-9598-4E8C-994F-5BB90CE00014}"
EndProject
Global
	GlobalSection(SolutionConfigurationPlatforms) = preSolution
		Debug|x86 = Debug|x86
		Release|x86 = Release|x86
	EndGlobalSection
	GlobalSection(ProjectConfigurationPlatforms) = postSolution
		{C977EB28-9598-4E8C-994F-5BB90CE00014}.Debug|x86.ActiveCfg = Debug|x86
		{C977EB28-9598-4E8C-994F-5BB90CE00014}.Debug|x86.Build.0 = Debug|x86
		{C977EB28-9598-4E8C-994F-5BB90CE00014}.Release|x86.ActiveCfg = Release|x86
		{C977EB28-9598-4E8C-994F-5BB90CE00014}.Release|x86.Build.0 = Release|x86
	EndGlobalSection
	GlobalSection(SolutionProperties) = preSolution
		HideSolutionNode = FALSE
	EndGlobalSection
EndGlobal
